// !$*UTF8*$!
{
	archiveVersion = 1;
	classes = {
	};
	objectVersion = 56;
	objects = {

/* Begin PBXBuildFile section */
		EB21123C297DF047007C6639 /* NasaAPIService.swift in Sources */ = {isa = PBXBuildFile; fileRef = EB21123B297DF047007C6639 /* NasaAPIService.swift */; };
		EB21123F297DF0C4007C6639 /* NetworkError.swift in Sources */ = {isa = PBXBuildFile; fileRef = EB21123E297DF0C4007C6639 /* NetworkError.swift */; };
		EB211241297DF4F4007C6639 /* MarsRovers.swift in Sources */ = {isa = PBXBuildFile; fileRef = EB211240297DF4F4007C6639 /* MarsRovers.swift */; };
		EBE25BED297DE9F300EBFE5B /* AppDelegate.swift in Sources */ = {isa = PBXBuildFile; fileRef = EBE25BEC297DE9F300EBFE5B /* AppDelegate.swift */; };
		EBE25BEF297DE9F300EBFE5B /* SceneDelegate.swift in Sources */ = {isa = PBXBuildFile; fileRef = EBE25BEE297DE9F300EBFE5B /* SceneDelegate.swift */; };
		EBE25BF4297DE9F300EBFE5B /* Main.storyboard in Resources */ = {isa = PBXBuildFile; fileRef = EBE25BF2297DE9F300EBFE5B /* Main.storyboard */; };
		EBE25BF6297DE9F500EBFE5B /* Assets.xcassets in Resources */ = {isa = PBXBuildFile; fileRef = EBE25BF5297DE9F500EBFE5B /* Assets.xcassets */; };
		EBE25BF9297DE9F500EBFE5B /* LaunchScreen.storyboard in Resources */ = {isa = PBXBuildFile; fileRef = EBE25BF7297DE9F500EBFE5B /* LaunchScreen.storyboard */; };
/* End PBXBuildFile section */

/* Begin PBXFileReference section */
		EB21123B297DF047007C6639 /* NasaAPIService.swift */ = {isa = PBXFileReference; lastKnownFileType = sourcecode.swift; path = NasaAPIService.swift; sourceTree = "<group>"; };
		EB21123E297DF0C4007C6639 /* NetworkError.swift */ = {isa = PBXFileReference; lastKnownFileType = sourcecode.swift; path = NetworkError.swift; sourceTree = "<group>"; };
		EB211240297DF4F4007C6639 /* MarsRovers.swift */ = {isa = PBXFileReference; lastKnownFileType = sourcecode.swift; path = MarsRovers.swift; sourceTree = "<group>"; };
		EBE25BE9297DE9F300EBFE5B /* WallE.app */ = {isa = PBXFileReference; explicitFileType = wrapper.application; includeInIndex = 0; path = WallE.app; sourceTree = BUILT_PRODUCTS_DIR; };
		EBE25BEC297DE9F300EBFE5B /* AppDelegate.swift */ = {isa = PBXFileReference; lastKnownFileType = sourcecode.swift; path = AppDelegate.swift; sourceTree = "<group>"; };
		EBE25BEE297DE9F300EBFE5B /* SceneDelegate.swift */ = {isa = PBXFileReference; lastKnownFileType = sourcecode.swift; path = SceneDelegate.swift; sourceTree = "<group>"; };
		EBE25BF3297DE9F300EBFE5B /* Base */ = {isa = PBXFileReference; lastKnownFileType = file.storyboard; name = Base; path = Base.lproj/Main.storyboard; sourceTree = "<group>"; };
		EBE25BF5297DE9F500EBFE5B /* Assets.xcassets */ = {isa = PBXFileReference; lastKnownFileType = folder.assetcatalog; path = Assets.xcassets; sourceTree = "<group>"; };
		EBE25BF8297DE9F500EBFE5B /* Base */ = {isa = PBXFileReference; lastKnownFileType = file.storyboard; name = Base; path = Base.lproj/LaunchScreen.storyboard; sourceTree = "<group>"; };
		EBE25BFA297DE9F500EBFE5B /* Info.plist */ = {isa = PBXFileReference; lastKnownFileType = text.plist.xml; path = Info.plist; sourceTree = "<group>"; };
/* End PBXFileReference section */

/* Begin PBXFrameworksBuildPhase section */
		EBE25BE6297DE9F300EBFE5B /* Frameworks */ = {
			isa = PBXFrameworksBuildPhase;
			buildActionMask = 2147483647;
			files = (
			);
			runOnlyForDeploymentPostprocessing = 0;
		};
/* End PBXFrameworksBuildPhase section */

/* Begin PBXGroup section */
		EB21123A297DEEC5007C6639 /* Resources */ = {
			isa = PBXGroup;
			children = (
				EBE25BEC297DE9F300EBFE5B /* AppDelegate.swift */,
				EBE25BEE297DE9F300EBFE5B /* SceneDelegate.swift */,
				EBE25BF5297DE9F500EBFE5B /* Assets.xcassets */,
				EBE25BF7297DE9F500EBFE5B /* LaunchScreen.storyboard */,
				EBE25BFA297DE9F500EBFE5B /* Info.plist */,
			);
			path = Resources;
			sourceTree = "<group>";
		};
		EB21123D297DF053007C6639 /* Networking */ = {
			isa = PBXGroup;
			children = (
				EB21123B297DF047007C6639 /* NasaAPIService.swift */,
				EB21123E297DF0C4007C6639 /* NetworkError.swift */,
			);
			path = Networking;
			sourceTree = "<group>";
		};
		EB211242297DF524007C6639 /* Models */ = {
			isa = PBXGroup;
			children = (
				EB211240297DF4F4007C6639 /* MarsRovers.swift */,
			);
			path = Models;
			sourceTree = "<group>";
		};
		EBE25BE0297DE9F200EBFE5B = {
			isa = PBXGroup;
			children = (
				EBE25BEB297DE9F300EBFE5B /* WallE */,
				EBE25BEA297DE9F300EBFE5B /* Products */,
			);
			sourceTree = "<group>";
		};
		EBE25BEA297DE9F300EBFE5B /* Products */ = {
			isa = PBXGroup;
			children = (
				EBE25BE9297DE9F300EBFE5B /* WallE.app */,
			);
			name = Products;
			sourceTree = "<group>";
		};
		EBE25BEB297DE9F300EBFE5B /* WallE */ = {
			isa = PBXGroup;
			children = (
				EB21123A297DEEC5007C6639 /* Resources */,
				EBE25BF2297DE9F300EBFE5B /* Main.storyboard */,
				EB21123D297DF053007C6639 /* Networking */,
				EB211242297DF524007C6639 /* Models */,
			);
			path = WallE;
			sourceTree = "<group>";
		};
/* End PBXGroup section */

/* Begin PBXNativeTarget section */
		EBE25BE8297DE9F300EBFE5B /* WallE */ = {
			isa = PBXNativeTarget;
			buildConfigurationList = EBE25BFD297DE9F500EBFE5B /* Build configuration list for PBXNativeTarget "WallE" */;
			buildPhases = (
				EBE25BE5297DE9F300EBFE5B /* Sources */,
				EBE25BE6297DE9F300EBFE5B /* Frameworks */,
				EBE25BE7297DE9F300EBFE5B /* Resources */,
			);
			buildRules = (
			);
			dependencies = (
			);
			name = WallE;
			productName = WallE;
			productReference = EBE25BE9297DE9F300EBFE5B /* WallE.app */;
			productType = "com.apple.product-type.application";
		};
/* End PBXNativeTarget section */

/* Begin PBXProject section */
		EBE25BE1297DE9F200EBFE5B /* Project object */ = {
			isa = PBXProject;
			attributes = {
				BuildIndependentTargetsInParallel = 1;
				LastSwiftUpdateCheck = 1420;
				LastUpgradeCheck = 1420;
				TargetAttributes = {
					EBE25BE8297DE9F300EBFE5B = {
						CreatedOnToolsVersion = 14.2;
					};
				};
			};
			buildConfigurationList = EBE25BE4297DE9F200EBFE5B /* Build configuration list for PBXProject "WallE" */;
			compatibilityVersion = "Xcode 14.0";
			developmentRegion = en;
			hasScannedForEncodings = 0;
			knownRegions = (
				en,
				Base,
			);
			mainGroup = EBE25BE0297DE9F200EBFE5B;
			productRefGroup = EBE25BEA297DE9F300EBFE5B /* Products */;
			projectDirPath = "";
			projectRoot = "";
			targets = (
				EBE25BE8297DE9F300EBFE5B /* WallE */,
			);
		};
/* End PBXProject section */

/* Begin PBXResourcesBuildPhase section */
		EBE25BE7297DE9F300EBFE5B /* Resources */ = {
			isa = PBXResourcesBuildPhase;
			buildActionMask = 2147483647;
			files = (
				EBE25BF9297DE9F500EBFE5B /* LaunchScreen.storyboard in Resources */,
				EBE25BF6297DE9F500EBFE5B /* Assets.xcassets in Resources */,
				EBE25BF4297DE9F300EBFE5B /* Main.storyboard in Resources */,
			);
			runOnlyForDeploymentPostprocessing = 0;
		};
/* End PBXResourcesBuildPhase section */

/* Begin PBXSourcesBuildPhase section */
		EBE25BE5297DE9F300EBFE5B /* Sources */ = {
			isa = PBXSourcesBuildPhase;
			buildActionMask = 2147483647;
			files = (
				EBE25BED297DE9F300EBFE5B /* AppDelegate.swift in Sources */,
				EB21123F297DF0C4007C6639 /* NetworkError.swift in Sources */,
				EB21123C297DF047007C6639 /* NasaAPIService.swift in Sources */,
				EBE25BEF297DE9F300EBFE5B /* SceneDelegate.swift in Sources */,
				EB211241297DF4F4007C6639 /* MarsRovers.swift in Sources */,
			);
			runOnlyForDeploymentPostprocessing = 0;
		};
/* End PBXSourcesBuildPhase section */

/* Begin PBXVariantGroup section */
		EBE25BF2297DE9F300EBFE5B /* Main.storyboard */ = {
			isa = PBXVariantGroup;
			children = (
				EBE25BF3297DE9F300EBFE5B /* Base */,
			);
			name = Main.storyboard;
			sourceTree = "<group>";
		};
		EBE25BF7297DE9F500EBFE5B /* LaunchScreen.storyboard */ = {
			isa = PBXVariantGroup;
			children = (
				EBE25BF8297DE9F500EBFE5B /* Base */,
			);
			name = LaunchScreen.storyboard;
			sourceTree = "<group>";
		};
/* End PBXVariantGroup section */

/* Begin XCBuildConfiguration section */
		EBE25BFB297DE9F500EBFE5B /* Debug */ = {
			isa = XCBuildConfiguration;
			buildSettings = {
				ALWAYS_SEARCH_USER_PATHS = NO;
				CLANG_ANALYZER_NONNULL = YES;
				CLANG_ANALYZER_NUMBER_OBJECT_CONVERSION = YES_AGGRESSIVE;
				CLANG_CXX_LANGUAGE_STANDARD = "gnu++20";
				CLANG_ENABLE_MODULES = YES;
				CLANG_ENABLE_OBJC_ARC = YES;
				CLANG_ENABLE_OBJC_WEAK = YES;
				CLANG_WARN_BLOCK_CAPTURE_AUTORELEASING = YES;
				CLANG_WARN_BOOL_CONVERSION = YES;
				CLANG_WARN_COMMA = YES;
				CLANG_WARN_CONSTANT_CONVERSION = YES;
				CLANG_WARN_DEPRECATED_OBJC_IMPLEMENTATIONS = YES;
				CLANG_WARN_DIRECT_OBJC_ISA_USAGE = YES_ERROR;
				CLANG_WARN_DOCUMENTATION_COMMENTS = YES;
				CLANG_WARN_EMPTY_BODY = YES;
				CLANG_WARN_ENUM_CONVERSION = YES;
				CLANG_WARN_INFINITE_RECURSION = YES;
				CLANG_WARN_INT_CONVERSION = YES;
				CLANG_WARN_NON_LITERAL_NULL_CONVERSION = YES;
				CLANG_WARN_OBJC_IMPLICIT_RETAIN_SELF = YES;
				CLANG_WARN_OBJC_LITERAL_CONVERSION = YES;
				CLANG_WARN_OBJC_ROOT_CLASS = YES_ERROR;
				CLANG_WARN_QUOTED_INCLUDE_IN_FRAMEWORK_HEADER = YES;
				CLANG_WARN_RANGE_LOOP_ANALYSIS = YES;
				CLANG_WARN_STRICT_PROTOTYPES = YES;
				CLANG_WARN_SUSPICIOUS_MOVE = YES;
				CLANG_WARN_UNGUARDED_AVAILABILITY = YES_AGGRESSIVE;
				CLANG_WARN_UNREACHABLE_CODE = YES;
				CLANG_WARN__DUPLICATE_METHOD_MATCH = YES;
				COPY_PHASE_STRIP = NO;
				DEBUG_INFORMATION_FORMAT = dwarf;
				ENABLE_STRICT_OBJC_MSGSEND = YES;
				ENABLE_TESTABILITY = YES;
				GCC_C_LANGUAGE_STANDARD = gnu11;
				GCC_DYNAMIC_NO_PIC = NO;
				GCC_NO_COMMON_BLOCKS = YES;
				GCC_OPTIMIZATION_LEVEL = 0;
				GCC_PREPROCESSOR_DEFINITIONS = (
					"DEBUG=1",
					"$(inherited)",
				);
				GCC_WARN_64_TO_32_BIT_CONVERSION = YES;
				GCC_WARN_ABOUT_RETURN_TYPE = YES_ERROR;
				GCC_WARN_UNDECLARED_SELECTOR = YES;
				GCC_WARN_UNINITIALIZED_AUTOS = YES_AGGRESSIVE;
				GCC_WARN_UNUSED_FUNCTION = YES;
				GCC_WARN_UNUSED_VARIABLE = YES;
				IPHONEOS_DEPLOYMENT_TARGET = 16.2;
				MTL_ENABLE_DEBUG_INFO = INCLUDE_SOURCE;
				MTL_FAST_MATH = YES;
				ONLY_ACTIVE_ARCH = YES;
				SDKROOT = iphoneos;
				SWIFT_ACTIVE_COMPILATION_CONDITIONS = DEBUG;
				SWIFT_OPTIMIZATION_LEVEL = "-Onone";
			};
			name = Debug;
		};
		EBE25BFC297DE9F500EBFE5B /* Release */ = {
			isa = XCBuildConfiguration;
			buildSettings = {
				ALWAYS_SEARCH_USER_PATHS = NO;
				CLANG_ANALYZER_NONNULL = YES;
				CLANG_ANALYZER_NUMBER_OBJECT_CONVERSION = YES_AGGRESSIVE;
				CLANG_CXX_LANGUAGE_STANDARD = "gnu++20";
				CLANG_ENABLE_MODULES = YES;
				CLANG_ENABLE_OBJC_ARC = YES;
				CLANG_ENABLE_OBJC_WEAK = YES;
				CLANG_WARN_BLOCK_CAPTURE_AUTORELEASING = YES;
				CLANG_WARN_BOOL_CONVERSION = YES;
				CLANG_WARN_COMMA = YES;
				CLANG_WARN_CONSTANT_CONVERSION = YES;
				CLANG_WARN_DEPRECATED_OBJC_IMPLEMENTATIONS = YES;
				CLANG_WARN_DIRECT_OBJC_ISA_USAGE = YES_ERROR;
				CLANG_WARN_DOCUMENTATION_COMMENTS = YES;
				CLANG_WARN_EMPTY_BODY = YES;
				CLANG_WARN_ENUM_CONVERSION = YES;
				CLANG_WARN_INFINITE_RECURSION = YES;
				CLANG_WARN_INT_CONVERSION = YES;
				CLANG_WARN_NON_LITERAL_NULL_CONVERSION = YES;
				CLANG_WARN_OBJC_IMPLICIT_RETAIN_SELF = YES;
				CLANG_WARN_OBJC_LITERAL_CONVERSION = YES;
				CLANG_WARN_OBJC_ROOT_CLASS = YES_ERROR;
				CLANG_WARN_QUOTED_INCLUDE_IN_FRAMEWORK_HEADER = YES;
				CLANG_WARN_RANGE_LOOP_ANALYSIS = YES;
				CLANG_WARN_STRICT_PROTOTYPES = YES;
				CLANG_WARN_SUSPICIOUS_MOVE = YES;
				CLANG_WARN_UNGUARDED_AVAILABILITY = YES_AGGRESSIVE;
				CLANG_WARN_UNREACHABLE_CODE = YES;
				CLANG_WARN__DUPLICATE_METHOD_MATCH = YES;
				COPY_PHASE_STRIP = NO;
				DEBUG_INFORMATION_FORMAT = "dwarf-with-dsym";
				ENABLE_NS_ASSERTIONS = NO;
				ENABLE_STRICT_OBJC_MSGSEND = YES;
				GCC_C_LANGUAGE_STANDARD = gnu11;
				GCC_NO_COMMON_BLOCKS = YES;
				GCC_WARN_64_TO_32_BIT_CONVERSION = YES;
				GCC_WARN_ABOUT_RETURN_TYPE = YES_ERROR;
				GCC_WARN_UNDECLARED_SELECTOR = YES;
				GCC_WARN_UNINITIALIZED_AUTOS = YES_AGGRESSIVE;
				GCC_WARN_UNUSED_FUNCTION = YES;
				GCC_WARN_UNUSED_VARIABLE = YES;
				IPHONEOS_DEPLOYMENT_TARGET = 16.2;
				MTL_ENABLE_DEBUG_INFO = NO;
				MTL_FAST_MATH = YES;
				SDKROOT = iphoneos;
				SWIFT_COMPILATION_MODE = wholemodule;
				SWIFT_OPTIMIZATION_LEVEL = "-O";
				VALIDATE_PRODUCT = YES;
			};
			name = Release;
		};
		EBE25BFE297DE9F500EBFE5B /* Debug */ = {
			isa = XCBuildConfiguration;
			buildSettings = {
				ASSETCATALOG_COMPILER_APPICON_NAME = AppIcon;
				ASSETCATALOG_COMPILER_GLOBAL_ACCENT_COLOR_NAME = AccentColor;
				CODE_SIGN_STYLE = Automatic;
				CURRENT_PROJECT_VERSION = 1;
				GENERATE_INFOPLIST_FILE = YES;
				INFOPLIST_FILE = WallE/Resources/Info.plist;
				INFOPLIST_KEY_UIApplicationSupportsIndirectInputEvents = YES;
				INFOPLIST_KEY_UILaunchStoryboardName = LaunchScreen;
				INFOPLIST_KEY_UIMainStoryboardFile = Main;
				INFOPLIST_KEY_UISupportedInterfaceOrientations = "UIInterfaceOrientationLandscapeLeft UIInterfaceOrientationLandscapeRight UIInterfaceOrientationPortrait";
				INFOPLIST_KEY_UISupportedInterfaceOrientations_iPad = "UIInterfaceOrientationLandscapeLeft UIInterfaceOrientationPortrait UIInterfaceOrientationPortraitUpsideDown";
				LD_RUNPATH_SEARCH_PATHS = (
					"$(inherited)",
					"@executable_path/Frameworks",
				);
				MARKETING_VERSION = 1.0;
				PRODUCT_BUNDLE_IDENTIFIER = com.hallsArchitecture.WallE;
				PRODUCT_NAME = "$(TARGET_NAME)";
				SWIFT_EMIT_LOC_STRINGS = YES;
				SWIFT_VERSION = 5.0;
				TARGETED_DEVICE_FAMILY = "1,2";
			};
			name = Debug;
		};
		EBE25BFF297DE9F500EBFE5B /* Release */ = {
			isa = XCBuildConfiguration;
			buildSettings = {
				ASSETCATALOG_COMPILER_APPICON_NAME = AppIcon;
				ASSETCATALOG_COMPILER_GLOBAL_ACCENT_COLOR_NAME = AccentColor;
				CODE_SIGN_STYLE = Automatic;
				CURRENT_PROJECT_VERSION = 1;
				GENERATE_INFOPLIST_FILE = YES;
				INFOPLIST_FILE = WallE/Resources/Info.plist;
				INFOPLIST_KEY_UIApplicationSupportsIndirectInputEvents = YES;
				INFOPLIST_KEY_UILaunchStoryboardName = LaunchScreen;
				INFOPLIST_KEY_UIMainStoryboardFile = Main;
				INFOPLIST_KEY_UISupportedInterfaceOrientations = "UIInterfaceOrientationLandscapeLeft UIInterfaceOrientationLandscapeRight UIInterfaceOrientationPortrait";
				INFOPLIST_KEY_UISupportedInterfaceOrientations_iPad = "UIInterfaceOrientationLandscapeLeft UIInterfaceOrientationPortrait UIInterfaceOrientationPortraitUpsideDown";
				LD_RUNPATH_SEARCH_PATHS = (
					"$(inherited)",
					"@executable_path/Frameworks",
				);
				MARKETING_VERSION = 1.0;
				PRODUCT_BUNDLE_IDENTIFIER = com.hallsArchitecture.WallE;
				PRODUCT_NAME = "$(TARGET_NAME)";
				SWIFT_EMIT_LOC_STRINGS = YES;
				SWIFT_VERSION = 5.0;
				TARGETED_DEVICE_FAMILY = "1,2";
			};
			name = Release;
		};
/* End XCBuildConfiguration section */

/* Begin XCConfigurationList section */
		EBE25BE4297DE9F200EBFE5B /* Build configuration list for PBXProject "WallE" */ = {
			isa = XCConfigurationList;
			buildConfigurations = (
				EBE25BFB297DE9F500EBFE5B /* Debug */,
				EBE25BFC297DE9F500EBFE5B /* Release */,
			);
			defaultConfigurationIsVisible = 0;
			defaultConfigurationName = Release;
		};
		EBE25BFD297DE9F500EBFE5B /* Build configuration list for PBXNativeTarget "WallE" */ = {
			isa = XCConfigurationList;
			buildConfigurations = (
				EBE25BFE297DE9F500EBFE5B /* Debug */,
				EBE25BFF297DE9F500EBFE5B /* Release */,
			);
			defaultConfigurationIsVisible = 0;
			defaultConfigurationName = Release;
		};
/* End XCConfigurationList section */
	};
	rootObject = EBE25BE1297DE9F200EBFE5B /* Project object */;
}
